// !$*UTF8*$!
{
	archiveVersion = 1;
	classes = {
	};
	objectVersion = 46;
	objects = {

/* Begin PBXBuildFile section */
		151852CF1B8D08A800DEBF3B /* main.m in Sources */ = {isa = PBXBuildFile; fileRef = 151852CE1B8D08A800DEBF3B /* main.m */; };
		151852D21B8D08A800DEBF3B /* STAppDelegate.m in Sources */ = {isa = PBXBuildFile; fileRef = 151852D11B8D08A800DEBF3B /* STAppDelegate.m */; };
		151852DA1B8D08A900DEBF3B /* Images.xcassets in Resources */ = {isa = PBXBuildFile; fileRef = 151852D91B8D08A900DEBF3B /* Images.xcassets */; };
		151852DD1B8D08A900DEBF3B /* LaunchScreen.xib in Resources */ = {isa = PBXBuildFile; fileRef = 151852DB1B8D08A900DEBF3B /* LaunchScreen.xib */; };
		151852E91B8D08A900DEBF3B /* SensorTagsDemoTests.m in Sources */ = {isa = PBXBuildFile; fileRef = 151852E81B8D08A900DEBF3B /* SensorTagsDemoTests.m */; };
		151852F31B8D15A700DEBF3B /* CoreBluetooth.framework in Frameworks */ = {isa = PBXBuildFile; fileRef = 151852F21B8D15A700DEBF3B /* CoreBluetooth.framework */; };
		2211C4B35AC58EC78EFB7597 /* libPods.a in Frameworks */ = {isa = PBXBuildFile; fileRef = 466D4000642043451757F702 /* libPods.a */; };
		364BE14318CD87B0045E2A19 /* STSensorTag.m in Sources */ = {isa = PBXBuildFile; fileRef = 364BEAF66986561F7675E9AB /* STSensorTag.m */; };
		364BE2B8A1CEC7E9F3BE8972 /* STView.m in Sources */ = {isa = PBXBuildFile; fileRef = 364BEBE3D95B1EF0CFB9C248 /* STView.m */; };
		364BE334D2646641616DCE78 /* STSensorManager.m in Sources */ = {isa = PBXBuildFile; fileRef = 364BEDD6409FD88C312F628A /* STSensorManager.m */; };
		364BE742257D6E39AE1492F5 /* CBUUID+StringRepresentation.m in Sources */ = {isa = PBXBuildFile; fileRef = 364BE4221B3D16FF524C20AD /* CBUUID+StringRepresentation.m */; };
		364BEC1D77D4B2E1857B9450 /* STSensorConstants.m in Sources */ = {isa = PBXBuildFile; fileRef = 364BE5289BF473B42FC05F87 /* STSensorConstants.m */; };
		364BECC75771401701E5ABCA /* STViewController.m in Sources */ = {isa = PBXBuildFile; fileRef = 364BE4D7BE348AA280B9EAE9 /* STViewController.m */; };
		364BEEC953C040E7FC3BC824 /* STBaseSensor.m in Sources */ = {isa = PBXBuildFile; fileRef = 364BEC1CBCEB5C05338ECC1C /* STBaseSensor.m */; };
/* End PBXBuildFile section */

/* Begin PBXContainerItemProxy section */
		151852E31B8D08A900DEBF3B /* PBXContainerItemProxy */ = {
			isa = PBXContainerItemProxy;
			containerPortal = 151852C11B8D08A800DEBF3B /* Project object */;
			proxyType = 1;
			remoteGlobalIDString = 151852C81B8D08A800DEBF3B;
			remoteInfo = SensorTagsDemo;
		};
/* End PBXContainerItemProxy section */

/* Begin PBXFileReference section */
		151852C91B8D08A800DEBF3B /* SensorTagsDemo.app */ = {isa = PBXFileReference; explicitFileType = wrapper.application; includeInIndex = 0; path = SensorTagsDemo.app; sourceTree = BUILT_PRODUCTS_DIR; };
		151852CD1B8D08A800DEBF3B /* Info.plist */ = {isa = PBXFileReference; lastKnownFileType = text.plist.xml; path = Info.plist; sourceTree = "<group>"; };
		151852CE1B8D08A800DEBF3B /* main.m */ = {isa = PBXFileReference; lastKnownFileType = sourcecode.c.objc; path = main.m; sourceTree = "<group>"; };
		151852D01B8D08A800DEBF3B /* STAppDelegate.h */ = {isa = PBXFileReference; lastKnownFileType = sourcecode.c.h; path = STAppDelegate.h; sourceTree = "<group>"; };
		151852D11B8D08A800DEBF3B /* STAppDelegate.m */ = {isa = PBXFileReference; lastKnownFileType = sourcecode.c.objc; path = STAppDelegate.m; sourceTree = "<group>"; };
		151852D91B8D08A900DEBF3B /* Images.xcassets */ = {isa = PBXFileReference; lastKnownFileType = folder.assetcatalog; path = Images.xcassets; sourceTree = "<group>"; };
		151852DC1B8D08A900DEBF3B /* Base */ = {isa = PBXFileReference; lastKnownFileType = file.xib; name = Base; path = Base.lproj/LaunchScreen.xib; sourceTree = "<group>"; };
		151852E21B8D08A900DEBF3B /* SensorTagsDemoTests.xctest */ = {isa = PBXFileReference; explicitFileType = wrapper.cfbundle; includeInIndex = 0; path = SensorTagsDemoTests.xctest; sourceTree = BUILT_PRODUCTS_DIR; };
		151852E71B8D08A900DEBF3B /* Info.plist */ = {isa = PBXFileReference; lastKnownFileType = text.plist.xml; path = Info.plist; sourceTree = "<group>"; };
		151852E81B8D08A900DEBF3B /* SensorTagsDemoTests.m */ = {isa = PBXFileReference; lastKnownFileType = sourcecode.c.objc; path = SensorTagsDemoTests.m; sourceTree = "<group>"; };
		151852F21B8D15A700DEBF3B /* CoreBluetooth.framework */ = {isa = PBXFileReference; lastKnownFileType = wrapper.framework; name = CoreBluetooth.framework; path = System/Library/Frameworks/CoreBluetooth.framework; sourceTree = SDKROOT; };
		2B492867AC4741C9FA534C2E /* Pods.debug.xcconfig */ = {isa = PBXFileReference; includeInIndex = 1; lastKnownFileType = text.xcconfig; name = Pods.debug.xcconfig; path = "Pods/Target Support Files/Pods/Pods.debug.xcconfig"; sourceTree = "<group>"; };
		364BE1EF5DC675C0F5CCCFE1 /* STSensorTag.h */ = {isa = PBXFileReference; fileEncoding = 4; lastKnownFileType = sourcecode.c.h; path = STSensorTag.h; sourceTree = "<group>"; };
		364BE25DA786867296D50CCB /* STBaseSensor.h */ = {isa = PBXFileReference; fileEncoding = 4; lastKnownFileType = sourcecode.c.h; name = STBaseSensor.h; path = Sensors/STBaseSensor.h; sourceTree = "<group>"; };
		364BE34468BA72DACE2AE093 /* STSensorConstants.h */ = {isa = PBXFileReference; fileEncoding = 4; lastKnownFileType = sourcecode.c.h; path = STSensorConstants.h; sourceTree = "<group>"; };
		364BE4221B3D16FF524C20AD /* CBUUID+StringRepresentation.m */ = {isa = PBXFileReference; fileEncoding = 4; lastKnownFileType = sourcecode.c.objc; path = "CBUUID+StringRepresentation.m"; sourceTree = "<group>"; };
		364BE49409A24DB7034001E3 /* SensorTagsDemo-Prefix.pch */ = {isa = PBXFileReference; fileEncoding = 4; lastKnownFileType = sourcecode.c.h; path = "SensorTagsDemo-Prefix.pch"; sourceTree = "<group>"; };
		364BE4B371FDC97D57EBA082 /* STView.h */ = {isa = PBXFileReference; fileEncoding = 4; lastKnownFileType = sourcecode.c.h; path = STView.h; sourceTree = "<group>"; };
		364BE4D7BE348AA280B9EAE9 /* STViewController.m */ = {isa = PBXFileReference; fileEncoding = 4; lastKnownFileType = sourcecode.c.objc; path = STViewController.m; sourceTree = "<group>"; };
		364BE50F7342DECB342AC91C /* CBUUID+StringRepresentation.h */ = {isa = PBXFileReference; fileEncoding = 4; lastKnownFileType = sourcecode.c.h; path = "CBUUID+StringRepresentation.h"; sourceTree = "<group>"; };
		364BE5289BF473B42FC05F87 /* STSensorConstants.m */ = {isa = PBXFileReference; fileEncoding = 4; lastKnownFileType = sourcecode.c.objc; path = STSensorConstants.m; sourceTree = "<group>"; };
		364BE8C3CA5FFA815AD3D5BD /* STViewController.h */ = {isa = PBXFileReference; fileEncoding = 4; lastKnownFileType = sourcecode.c.h; path = STViewController.h; sourceTree = "<group>"; };
		364BEAF66986561F7675E9AB /* STSensorTag.m */ = {isa = PBXFileReference; fileEncoding = 4; lastKnownFileType = sourcecode.c.objc; path = STSensorTag.m; sourceTree = "<group>"; };
		364BEBE3D95B1EF0CFB9C248 /* STView.m */ = {isa = PBXFileReference; fileEncoding = 4; lastKnownFileType = sourcecode.c.objc; path = STView.m; sourceTree = "<group>"; };
		364BEBFFBF0AD0A7426E3B0B /* STSensorManager.h */ = {isa = PBXFileReference; fileEncoding = 4; lastKnownFileType = sourcecode.c.h; path = STSensorManager.h; sourceTree = "<group>"; };
		364BEC1CBCEB5C05338ECC1C /* STBaseSensor.m */ = {isa = PBXFileReference; fileEncoding = 4; lastKnownFileType = sourcecode.c.objc; name = STBaseSensor.m; path = Sensors/STBaseSensor.m; sourceTree = "<group>"; };
		364BEDD6409FD88C312F628A /* STSensorManager.m */ = {isa = PBXFileReference; fileEncoding = 4; lastKnownFileType = sourcecode.c.objc; path = STSensorManager.m; sourceTree = "<group>"; };
		3C36CA4B19B636C7E614B051 /* Pods.release.xcconfig */ = {isa = PBXFileReference; includeInIndex = 1; lastKnownFileType = text.xcconfig; name = Pods.release.xcconfig; path = "Pods/Target Support Files/Pods/Pods.release.xcconfig"; sourceTree = "<group>"; };
		466D4000642043451757F702 /* libPods.a */ = {isa = PBXFileReference; explicitFileType = archive.ar; includeInIndex = 0; path = libPods.a; sourceTree = BUILT_PRODUCTS_DIR; };
/* End PBXFileReference section */

/* Begin PBXFrameworksBuildPhase section */
		151852C61B8D08A800DEBF3B /* Frameworks */ = {
			isa = PBXFrameworksBuildPhase;
			buildActionMask = 2147483647;
			files = (
				151852F31B8D15A700DEBF3B /* CoreBluetooth.framework in Frameworks */,
				2211C4B35AC58EC78EFB7597 /* libPods.a in Frameworks */,
			);
			runOnlyForDeploymentPostprocessing = 0;
		};
		151852DF1B8D08A900DEBF3B /* Frameworks */ = {
			isa = PBXFrameworksBuildPhase;
			buildActionMask = 2147483647;
			files = (
			);
			runOnlyForDeploymentPostprocessing = 0;
		};
/* End PBXFrameworksBuildPhase section */

/* Begin PBXGroup section */
		151852C01B8D08A800DEBF3B = {
			isa = PBXGroup;
			children = (
				151852CB1B8D08A800DEBF3B /* SensorTagsDemo */,
				151852E51B8D08A900DEBF3B /* SensorTagsDemoTests */,
				151852CA1B8D08A800DEBF3B /* Products */,
				405A41CFDC2BC0BAB8DB7FFA /* Pods */,
				3516D04B9DF0E77598A171E8 /* Frameworks */,
			);
			sourceTree = "<group>";
		};
		151852CA1B8D08A800DEBF3B /* Products */ = {
			isa = PBXGroup;
			children = (
				151852C91B8D08A800DEBF3B /* SensorTagsDemo.app */,
				151852E21B8D08A900DEBF3B /* SensorTagsDemoTests.xctest */,
			);
			name = Products;
			sourceTree = "<group>";
		};
		151852CB1B8D08A800DEBF3B /* SensorTagsDemo */ = {
			isa = PBXGroup;
			children = (
				151852D01B8D08A800DEBF3B /* STAppDelegate.h */,
				151852D11B8D08A800DEBF3B /* STAppDelegate.m */,
				151852D91B8D08A900DEBF3B /* Images.xcassets */,
				151852DB1B8D08A900DEBF3B /* LaunchScreen.xib */,
				151852CC1B8D08A800DEBF3B /* Supporting Files */,
				364BE5B0AA85E23D8F5EDD75 /* Device */,
				364BE5CDA0C12E65C77F1136 /* UI */,
			);
			path = SensorTagsDemo;
			sourceTree = "<group>";
		};
		151852CC1B8D08A800DEBF3B /* Supporting Files */ = {
			isa = PBXGroup;
			children = (
				151852CD1B8D08A800DEBF3B /* Info.plist */,
				151852CE1B8D08A800DEBF3B /* main.m */,
				364BE49409A24DB7034001E3 /* SensorTagsDemo-Prefix.pch */,
			);
			name = "Supporting Files";
			sourceTree = "<group>";
		};
		151852E51B8D08A900DEBF3B /* SensorTagsDemoTests */ = {
			isa = PBXGroup;
			children = (
				151852E81B8D08A900DEBF3B /* SensorTagsDemoTests.m */,
				151852E61B8D08A900DEBF3B /* Supporting Files */,
			);
			path = SensorTagsDemoTests;
			sourceTree = "<group>";
		};
		151852E61B8D08A900DEBF3B /* Supporting Files */ = {
			isa = PBXGroup;
			children = (
				151852E71B8D08A900DEBF3B /* Info.plist */,
			);
			name = "Supporting Files";
			sourceTree = "<group>";
		};
		3516D04B9DF0E77598A171E8 /* Frameworks */ = {
			isa = PBXGroup;
			children = (
				151852F21B8D15A700DEBF3B /* CoreBluetooth.framework */,
				466D4000642043451757F702 /* libPods.a */,
			);
			name = Frameworks;
			sourceTree = "<group>";
		};
		364BE2419F8512768D5B0472 /* Sensors */ = {
			isa = PBXGroup;
			children = (
				364BE25DA786867296D50CCB /* STBaseSensor.h */,
				364BEC1CBCEB5C05338ECC1C /* STBaseSensor.m */,
			);
			name = Sensors;
			sourceTree = "<group>";
		};
		364BE5B0AA85E23D8F5EDD75 /* Device */ = {
			isa = PBXGroup;
			children = (
				364BEBFFBF0AD0A7426E3B0B /* STSensorManager.h */,
				364BEDD6409FD88C312F628A /* STSensorManager.m */,
				364BE50F7342DECB342AC91C /* CBUUID+StringRepresentation.h */,
				364BE4221B3D16FF524C20AD /* CBUUID+StringRepresentation.m */,
				364BE34468BA72DACE2AE093 /* STSensorConstants.h */,
				364BE5289BF473B42FC05F87 /* STSensorConstants.m */,
				364BE1EF5DC675C0F5CCCFE1 /* STSensorTag.h */,
				364BEAF66986561F7675E9AB /* STSensorTag.m */,
				364BE2419F8512768D5B0472 /* Sensors */,
			);
			path = Device;
			sourceTree = "<group>";
		};
		364BE5CDA0C12E65C77F1136 /* UI */ = {
			isa = PBXGroup;
			children = (
				364BE8C3CA5FFA815AD3D5BD /* STViewController.h */,
				364BE4D7BE348AA280B9EAE9 /* STViewController.m */,
				364BEBE3D95B1EF0CFB9C248 /* STView.m */,
				364BE4B371FDC97D57EBA082 /* STView.h */,
			);
			path = UI;
			sourceTree = "<group>";
		};
		405A41CFDC2BC0BAB8DB7FFA /* Pods */ = {
			isa = PBXGroup;
			children = (
				2B492867AC4741C9FA534C2E /* Pods.debug.xcconfig */,
				3C36CA4B19B636C7E614B051 /* Pods.release.xcconfig */,
			);
			name = Pods;
			sourceTree = "<group>";
		};
/* End PBXGroup section */

/* Begin PBXNativeTarget section */
		151852C81B8D08A800DEBF3B /* SensorTagsDemo */ = {
			isa = PBXNativeTarget;
			buildConfigurationList = 151852EC1B8D08A900DEBF3B /* Build configuration list for PBXNativeTarget "SensorTagsDemo" */;
			buildPhases = (
				1D8AE075B6D092308473A8DC /* Check Pods Manifest.lock */,
				151852C51B8D08A800DEBF3B /* Sources */,
				151852C61B8D08A800DEBF3B /* Frameworks */,
				151852C71B8D08A800DEBF3B /* Resources */,
				809A26B896DFA6892F1E89F4 /* Copy Pods Resources */,
			);
			buildRules = (
			);
			dependencies = (
			);
			name = SensorTagsDemo;
			productName = SensorTagsDemo;
			productReference = 151852C91B8D08A800DEBF3B /* SensorTagsDemo.app */;
			productType = "com.apple.product-type.application";
		};
		151852E11B8D08A900DEBF3B /* SensorTagsDemoTests */ = {
			isa = PBXNativeTarget;
			buildConfigurationList = 151852EF1B8D08A900DEBF3B /* Build configuration list for PBXNativeTarget "SensorTagsDemoTests" */;
			buildPhases = (
				151852DE1B8D08A900DEBF3B /* Sources */,
				151852DF1B8D08A900DEBF3B /* Frameworks */,
				151852E01B8D08A900DEBF3B /* Resources */,
			);
			buildRules = (
			);
			dependencies = (
				151852E41B8D08A900DEBF3B /* PBXTargetDependency */,
			);
			name = SensorTagsDemoTests;
			productName = SensorTagsDemoTests;
			productReference = 151852E21B8D08A900DEBF3B /* SensorTagsDemoTests.xctest */;
			productType = "com.apple.product-type.bundle.unit-test";
		};
/* End PBXNativeTarget section */

/* Begin PBXProject section */
		151852C11B8D08A800DEBF3B /* Project object */ = {
			isa = PBXProject;
			attributes = {
				LastUpgradeCheck = 0640;
				ORGANIZATIONNAME = codepot.pl;
				TargetAttributes = {
					151852C81B8D08A800DEBF3B = {
						CreatedOnToolsVersion = 6.4;
					};
					151852E11B8D08A900DEBF3B = {
						CreatedOnToolsVersion = 6.4;
						TestTargetID = 151852C81B8D08A800DEBF3B;
					};
				};
			};
			buildConfigurationList = 151852C41B8D08A800DEBF3B /* Build configuration list for PBXProject "SensorTagsDemo" */;
			compatibilityVersion = "Xcode 3.2";
			developmentRegion = English;
			hasScannedForEncodings = 0;
			knownRegions = (
				en,
				Base,
			);
			mainGroup = 151852C01B8D08A800DEBF3B;
			productRefGroup = 151852CA1B8D08A800DEBF3B /* Products */;
			projectDirPath = "";
			projectRoot = "";
			targets = (
				151852C81B8D08A800DEBF3B /* SensorTagsDemo */,
				151852E11B8D08A900DEBF3B /* SensorTagsDemoTests */,
			);
		};
/* End PBXProject section */

/* Begin PBXResourcesBuildPhase section */
		151852C71B8D08A800DEBF3B /* Resources */ = {
			isa = PBXResourcesBuildPhase;
			buildActionMask = 2147483647;
			files = (
				151852DD1B8D08A900DEBF3B /* LaunchScreen.xib in Resources */,
				151852DA1B8D08A900DEBF3B /* Images.xcassets in Resources */,
			);
			runOnlyForDeploymentPostprocessing = 0;
		};
		151852E01B8D08A900DEBF3B /* Resources */ = {
			isa = PBXResourcesBuildPhase;
			buildActionMask = 2147483647;
			files = (
			);
			runOnlyForDeploymentPostprocessing = 0;
		};
/* End PBXResourcesBuildPhase section */

/* Begin PBXShellScriptBuildPhase section */
		1D8AE075B6D092308473A8DC /* Check Pods Manifest.lock */ = {
			isa = PBXShellScriptBuildPhase;
			buildActionMask = 2147483647;
			files = (
			);
			inputPaths = (
			);
			name = "Check Pods Manifest.lock";
			outputPaths = (
			);
			runOnlyForDeploymentPostprocessing = 0;
			shellPath = /bin/sh;
			shellScript = "diff \"${PODS_ROOT}/../Podfile.lock\" \"${PODS_ROOT}/Manifest.lock\" > /dev/null\nif [[ $? != 0 ]] ; then\n    cat << EOM\nerror: The sandbox is not in sync with the Podfile.lock. Run 'pod install' or update your CocoaPods installation.\nEOM\n    exit 1\nfi\n";
			showEnvVarsInLog = 0;
		};
		809A26B896DFA6892F1E89F4 /* Copy Pods Resources */ = {
			isa = PBXShellScriptBuildPhase;
			buildActionMask = 2147483647;
			files = (
			);
			inputPaths = (
			);
			name = "Copy Pods Resources";
			outputPaths = (
			);
			runOnlyForDeploymentPostprocessing = 0;
			shellPath = /bin/sh;
			shellScript = "\"${SRCROOT}/Pods/Target Support Files/Pods/Pods-resources.sh\"\n";
			showEnvVarsInLog = 0;
		};
/* End PBXShellScriptBuildPhase section */

/* Begin PBXSourcesBuildPhase section */
		151852C51B8D08A800DEBF3B /* Sources */ = {
			isa = PBXSourcesBuildPhase;
			buildActionMask = 2147483647;
			files = (
				151852D21B8D08A800DEBF3B /* STAppDelegate.m in Sources */,
				151852CF1B8D08A800DEBF3B /* main.m in Sources */,
				364BE334D2646641616DCE78 /* STSensorManager.m in Sources */,
				364BE742257D6E39AE1492F5 /* CBUUID+StringRepresentation.m in Sources */,
				364BEC1D77D4B2E1857B9450 /* STSensorConstants.m in Sources */,
				364BE14318CD87B0045E2A19 /* STSensorTag.m in Sources */,
				364BEEC953C040E7FC3BC824 /* STBaseSensor.m in Sources */,
				364BECC75771401701E5ABCA /* STViewController.m in Sources */,
				364BE2B8A1CEC7E9F3BE8972 /* STView.m in Sources */,
			);
			runOnlyForDeploymentPostprocessing = 0;
		};
		151852DE1B8D08A900DEBF3B /* Sources */ = {
			isa = PBXSourcesBuildPhase;
			buildActionMask = 2147483647;
			files = (
				151852E91B8D08A900DEBF3B /* SensorTagsDemoTests.m in Sources */,
			);
			runOnlyForDeploymentPostprocessing = 0;
		};
/* End PBXSourcesBuildPhase section */

/* Begin PBXTargetDependency section */
		151852E41B8D08A900DEBF3B /* PBXTargetDependency */ = {
			isa = PBXTargetDependency;
			target = 151852C81B8D08A800DEBF3B /* SensorTagsDemo */;
			targetProxy = 151852E31B8D08A900DEBF3B /* PBXContainerItemProxy */;
		};
/* End PBXTargetDependency section */

/* Begin PBXVariantGroup section */
		151852DB1B8D08A900DEBF3B /* LaunchScreen.xib */ = {
			isa = PBXVariantGroup;
			children = (
				151852DC1B8D08A900DEBF3B /* Base */,
			);
			name = LaunchScreen.xib;
			sourceTree = "<group>";
		};
/* End PBXVariantGroup section */

/* Begin XCBuildConfiguration section */
		151852EA1B8D08A900DEBF3B /* Debug */ = {
			isa = XCBuildConfiguration;
			buildSettings = {
				ALWAYS_SEARCH_USER_PATHS = NO;
				CLANG_CXX_LANGUAGE_STANDARD = "gnu++0x";
				CLANG_CXX_LIBRARY = "libc++";
				CLANG_ENABLE_MODULES = YES;
				CLANG_ENABLE_OBJC_ARC = YES;
				CLANG_WARN_BOOL_CONVERSION = YES;
				CLANG_WARN_CONSTANT_CONVERSION = YES;
				CLANG_WARN_DIRECT_OBJC_ISA_USAGE = YES_ERROR;
				CLANG_WARN_EMPTY_BODY = YES;
				CLANG_WARN_ENUM_CONVERSION = YES;
				CLANG_WARN_INT_CONVERSION = YES;
				CLANG_WARN_OBJC_ROOT_CLASS = YES_ERROR;
				CLANG_WARN_UNREACHABLE_CODE = YES;
				CLANG_WARN__DUPLICATE_METHOD_MATCH = YES;
				"CODE_SIGN_IDENTITY[sdk=iphoneos*]" = "iPhone Developer";
				COPY_PHASE_STRIP = NO;
				DEBUG_INFORMATION_FORMAT = "dwarf-with-dsym";
				ENABLE_STRICT_OBJC_MSGSEND = YES;
				GCC_C_LANGUAGE_STANDARD = gnu99;
				GCC_DYNAMIC_NO_PIC = NO;
				GCC_NO_COMMON_BLOCKS = YES;
				GCC_OPTIMIZATION_LEVEL = 0;
				GCC_PREPROCESSOR_DEFINITIONS = (
					"DEBUG=1",
					"$(inherited)",
				);
				GCC_SYMBOLS_PRIVATE_EXTERN = NO;
				GCC_WARN_64_TO_32_BIT_CONVERSION = YES;
				GCC_WARN_ABOUT_RETURN_TYPE = YES_ERROR;
				GCC_WARN_UNDECLARED_SELECTOR = YES;
				GCC_WARN_UNINITIALIZED_AUTOS = YES_AGGRESSIVE;
				GCC_WARN_UNUSED_FUNCTION = YES;
				GCC_WARN_UNUSED_VARIABLE = YES;
				IPHONEOS_DEPLOYMENT_TARGET = 8.4;
				MTL_ENABLE_DEBUG_INFO = YES;
				ONLY_ACTIVE_ARCH = YES;
				SDKROOT = iphoneos;
				TARGETED_DEVICE_FAMILY = "1,2";
			};
			name = Debug;
		};
		151852EB1B8D08A900DEBF3B /* Release */ = {
			isa = XCBuildConfiguration;
			buildSettings = {
				ALWAYS_SEARCH_USER_PATHS = NO;
				CLANG_CXX_LANGUAGE_STANDARD = "gnu++0x";
				CLANG_CXX_LIBRARY = "libc++";
				CLANG_ENABLE_MODULES = YES;
				CLANG_ENABLE_OBJC_ARC = YES;
				CLANG_WARN_BOOL_CONVERSION = YES;
				CLANG_WARN_CONSTANT_CONVERSION = YES;
				CLANG_WARN_DIRECT_OBJC_ISA_USAGE = YES_ERROR;
				CLANG_WARN_EMPTY_BODY = YES;
				CLANG_WARN_ENUM_CONVERSION = YES;
				CLANG_WARN_INT_CONVERSION = YES;
				CLANG_WARN_OBJC_ROOT_CLASS = YES_ERROR;
				CLANG_WARN_UNREACHABLE_CODE = YES;
				CLANG_WARN__DUPLICATE_METHOD_MATCH = YES;
				"CODE_SIGN_IDENTITY[sdk=iphoneos*]" = "iPhone Developer";
				COPY_PHASE_STRIP = NO;
				DEBUG_INFORMATION_FORMAT = "dwarf-with-dsym";
				ENABLE_NS_ASSERTIONS = NO;
				ENABLE_STRICT_OBJC_MSGSEND = YES;
				GCC_C_LANGUAGE_STANDARD = gnu99;
				GCC_NO_COMMON_BLOCKS = YES;
				GCC_WARN_64_TO_32_BIT_CONVERSION = YES;
				GCC_WARN_ABOUT_RETURN_TYPE = YES_ERROR;
				GCC_WARN_UNDECLARED_SELECTOR = YES;
				GCC_WARN_UNINITIALIZED_AUTOS = YES_AGGRESSIVE;
				GCC_WARN_UNUSED_FUNCTION = YES;
				GCC_WARN_UNUSED_VARIABLE = YES;
				IPHONEOS_DEPLOYMENT_TARGET = 8.4;
				MTL_ENABLE_DEBUG_INFO = NO;
				SDKROOT = iphoneos;
				TARGETED_DEVICE_FAMILY = "1,2";
				VALIDATE_PRODUCT = YES;
			};
			name = Release;
		};
		151852ED1B8D08A900DEBF3B /* Debug */ = {
			isa = XCBuildConfiguration;
			baseConfigurationReference = 2B492867AC4741C9FA534C2E /* Pods.debug.xcconfig */;
			buildSettings = {
				ASSETCATALOG_COMPILER_APPICON_NAME = AppIcon;
				GCC_PREFIX_HEADER = "SensorTagsDemo/SensorTagsDemo-Prefix.pch";
				INFOPLIST_FILE = SensorTagsDemo/Info.plist;
				LD_RUNPATH_SEARCH_PATHS = "$(inherited) @executable_path/Frameworks";
				PRODUCT_NAME = "$(TARGET_NAME)";
			};
			name = Debug;
		};
		151852EE1B8D08A900DEBF3B /* Release */ = {
			isa = XCBuildConfiguration;
			baseConfigurationReference = 3C36CA4B19B636C7E614B051 /* Pods.release.xcconfig */;
			buildSettings = {
				ASSETCATALOG_COMPILER_APPICON_NAME = AppIcon;
				GCC_PREFIX_HEADER = "SensorTagsDemo/SensorTagsDemo-Prefix.pch";
				INFOPLIST_FILE = SensorTagsDemo/Info.plist;
				LD_RUNPATH_SEARCH_PATHS = "$(inherited) @executable_path/Frameworks";
				PRODUCT_NAME = "$(TARGET_NAME)";
			};
			name = Release;
		};
		151852F01B8D08A900DEBF3B /* Debug */ = {
			isa = XCBuildConfiguration;
			buildSettings = {
				BUNDLE_LOADER = "$(TEST_HOST)";
				FRAMEWORK_SEARCH_PATHS = (
					"$(SDKROOT)/Developer/Library/Frameworks",
					"$(inherited)",
				);
				GCC_PREPROCESSOR_DEFINITIONS = (
					"DEBUG=1",
					"$(inherited)",
				);
				INFOPLIST_FILE = SensorTagsDemoTests/Info.plist;
				LD_RUNPATH_SEARCH_PATHS = "$(inherited) @executable_path/Frameworks @loader_path/Frameworks";
				PRODUCT_NAME = "$(TARGET_NAME)";
				TEST_HOST = "$(BUILT_PRODUCTS_DIR)/SensorTagsDemo.app/SensorTagsDemo";
			};
			name = Debug;
		};
		151852F11B8D08A900DEBF3B /* Release */ = {
			isa = XCBuildConfiguration;
			buildSettings = {
				BUNDLE_LOADER = "$(TEST_HOST)";
				FRAMEWORK_SEARCH_PATHS = (
					"$(SDKROOT)/Developer/Library/Frameworks",
					"$(inherited)",
				);
				INFOPLIST_FILE = SensorTagsDemoTests/Info.plist;
				LD_RUNPATH_SEARCH_PATHS = "$(inherited) @executable_path/Frameworks @loader_path/Frameworks";
				PRODUCT_NAME = "$(TARGET_NAME)";
				TEST_HOST = "$(BUILT_PRODUCTS_DIR)/SensorTagsDemo.app/SensorTagsDemo";
			};
			name = Release;
		};
/* End XCBuildConfiguration section */

/* Begin XCConfigurationList section */
		151852C41B8D08A800DEBF3B /* Build configuration list for PBXProject "SensorTagsDemo" */ = {
			isa = XCConfigurationList;
			buildConfigurations = (
				151852EA1B8D08A900DEBF3B /* Debug */,
				151852EB1B8D08A900DEBF3B /* Release */,
			);
			defaultConfigurationIsVisible = 0;
			defaultConfigurationName = Release;
		};
		151852EC1B8D08A900DEBF3B /* Build configuration list for PBXNativeTarget "SensorTagsDemo" */ = {
			isa = XCConfigurationList;
			buildConfigurations = (
				151852ED1B8D08A900DEBF3B /* Debug */,
				151852EE1B8D08A900DEBF3B /* Release */,
			);
			defaultConfigurationIsVisible = 0;
			defaultConfigurationName = Release;
		};
		151852EF1B8D08A900DEBF3B /* Build configuration list for PBXNativeTarget "SensorTagsDemoTests" */ = {
			isa = XCConfigurationList;
			buildConfigurations = (
				151852F01B8D08A900DEBF3B /* Debug */,
				151852F11B8D08A900DEBF3B /* Release */,
			);
			defaultConfigurationIsVisible = 0;
			defaultConfigurationName = Release;
		};
/* End XCConfigurationList section */
	};
	rootObject = 151852C11B8D08A800DEBF3B /* Project object */;
}
